
Microsoft Visual Studio Solution File, Format Version 12.00
# Visual Studio 2015
Project("{FAE04EC0-301F-11D3-BF4B-00C04F79EFBC}") = "SimplePlanar.CSharp", "SimplePlanar.CSharp.csproj", "{2D3B5407-E8E2-FA13-4382-8592B520179F}"
EndProject
Global
	GlobalSection(SolutionConfigurationPlatforms) = preSolution
		Debug|Any CPU = Debug|Any CPU
		Release|Any CPU = Release|Any CPU
	EndGlobalSection
	GlobalSection(ProjectConfigurationPlatforms) = postSolution
		{2D3B5407-E8E2-FA13-4382-8592B520179F}.Debug|Any CPU.ActiveCfg = Debug|Any CPU
		{2D3B5407-E8E2-FA13-4382-8592B520179F}.Debug|Any CPU.Build.0 = Debug|Any CPU
		{2D3B5407-E8E2-FA13-4382-8592B520179F}.Release|Any CPU.ActiveCfg = Release|Any CPU
		{2D3B5407-E8E2-FA13-4382-8592B520179F}.Release|Any CPU.Build.0 = Release|Any CPU
	EndGlobalSection
	GlobalSection(SolutionProperties) = preSolution
		HideSolutionNode = FALSE
	EndGlobalSection
EndGlobal
